
Microsoft Visual Studio Solution File, Format Version 12.00
# Visual Studio Version 17
VisualStudioVersion = 17.5.33516.290
MinimumVisualStudioVersion = 10.0.40219.1
Project("{FAE04EC0-301F-11D3-BF4B-00C04F79EFBC}") = "kladinoExamen.Android", "kladinoExamen.Android\kladinoExamen.Android.csproj", "{C672AD08-591F-4ABB-91E7-70E1E65D4A40}"
EndProject
Project("{FAE04EC0-301F-11D3-BF4B-00C04F79EFBC}") = "kladinoExamen.iOS", "kladinoExamen.iOS\kladinoExamen.iOS.csproj", "{EC42528D-C593-4ADA-9F48-5A03E128719C}"
EndProject
Project("{FAE04EC0-301F-11D3-BF4B-00C04F79EFBC}") = "kladinoExamen", "kladinoExamen\kladinoExamen.csproj", "{A9E8CA2C-D788-48D3-BF99-1B706EAA6F3D}"
EndProject
Global
	GlobalSection(SolutionConfigurationPlatforms) = preSolution
		Debug|Any CPU = Debug|Any CPU
		Debug|iPhone = Debug|iPhone
		Debug|iPhoneSimulator = Debug|iPhoneSimulator
		Release|Any CPU = Release|Any CPU
		Release|iPhone = Release|iPhone
		Release|iPhoneSimulator = Release|iPhoneSimulator
	EndGlobalSection
	GlobalSection(ProjectConfigurationPlatforms) = postSolution
		{C672AD08-591F-4ABB-91E7-70E1E65D4A40}.Debug|Any CPU.ActiveCfg = Debug|Any CPU
		{C672AD08-591F-4ABB-91E7-70E1E65D4A40}.Debug|Any CPU.Build.0 = Debug|Any CPU
		{C672AD08-591F-4ABB-91E7-70E1E65D4A40}.Debug|Any CPU.Deploy.0 = Debug|Any CPU
		{C672AD08-591F-4ABB-91E7-70E1E65D4A40}.Debug|iPhone.ActiveCfg = Debug|Any CPU
		{C672AD08-591F-4ABB-91E7-70E1E65D4A40}.Debug|iPhone.Build.0 = Debug|Any CPU
		{C672AD08-591F-4ABB-91E7-70E1E65D4A40}.Debug|iPhone.Deploy.0 = Debug|Any CPU
		{C672AD08-591F-4ABB-91E7-70E1E65D4A40}.Debug|iPhoneSimulator.ActiveCfg = Debug|Any CPU
		{C672AD08-591F-4ABB-91E7-70E1E65D4A40}.Debug|iPhoneSimulator.Build.0 = Debug|Any CPU
		{C672AD08-591F-4ABB-91E7-70E1E65D4A40}.Debug|iPhoneSimulator.Deploy.0 = Debug|Any CPU
		{C672AD08-591F-4ABB-91E7-70E1E65D4A40}.Release|Any CPU.ActiveCfg = Release|Any CPU
		{C672AD08-591F-4ABB-91E7-70E1E65D4A40}.Release|Any CPU.Build.0 = Release|Any CPU
		{C672AD08-591F-4ABB-91E7-70E1E65D4A40}.Release|Any CPU.Deploy.0 = Release|Any CPU
		{C672AD08-591F-4ABB-91E7-70E1E65D4A40}.Release|iPhone.ActiveCfg = Release|Any CPU
		{C672AD08-591F-4ABB-91E7-70E1E65D4A40}.Release|iPhone.Build.0 = Release|Any CPU
		{C672AD08-591F-4ABB-91E7-70E1E65D4A40}.Release|iPhone.Deploy.0 = Release|Any CPU
		{C672AD08-591F-4ABB-91E7-70E1E65D4A40}.Release|iPhoneSimulator.ActiveCfg = Release|Any CPU
		{C672AD08-591F-4ABB-91E7-70E1E65D4A40}.Release|iPhoneSimulator.Build.0 = Release|Any CPU
		{C672AD08-591F-4ABB-91E7-70E1E65D4A40}.Release|iPhoneSimulator.Deploy.0 = Release|Any CPU
		{EC42528D-C593-4ADA-9F48-5A03E128719C}.Debug|Any CPU.ActiveCfg = Debug|iPhone
		{EC42528D-C593-4ADA-9F48-5A03E128719C}.Debug|Any CPU.Build.0 = Debug|iPhone
		{EC42528D-C593-4ADA-9F48-5A03E128719C}.Debug|Any CPU.Deploy.0 = Debug|iPhone
		{EC42528D-C593-4ADA-9F48-5A03E128719C}.Debug|iPhone.ActiveCfg = Debug|iPhone
		{EC42528D-C593-4ADA-9F48-5A03E128719C}.Debug|iPhone.Build.0 = Debug|iPhone
		{EC42528D-C593-4ADA-9F48-5A03E128719C}.Debug|iPhone.Deploy.0 = Debug|iPhone
		{EC42528D-C593-4ADA-9F48-5A03E128719C}.Debug|iPhoneSimulator.ActiveCfg = Debug|iPhoneSimulator
		{EC42528D-C593-4ADA-9F48-5A03E128719C}.Debug|iPhoneSimulator.Build.0 = Debug|iPhoneSimulator
		{EC42528D-C593-4ADA-9F48-5A03E128719C}.Debug|iPhoneSimulator.Deploy.0 = Debug|iPhoneSimulator
		{EC42528D-C593-4ADA-9F48-5A03E128719C}.Release|Any CPU.ActiveCfg = Release|iPhoneSimulator
		{EC42528D-C593-4ADA-9F48-5A03E128719C}.Release|Any CPU.Build.0 = Release|iPhoneSimulator
		{EC42528D-C593-4ADA-9F48-5A03E128719C}.Release|Any CPU.Deploy.0 = Release|iPhoneSimulator
		{EC42528D-C593-4ADA-9F48-5A03E128719C}.Release|iPhone.ActiveCfg = Release|iPhone
		{EC42528D-C593-4ADA-9F48-5A03E128719C}.Release|iPhone.Build.0 = Release|iPhone
		{EC42528D-C593-4ADA-9F48-5A03E128719C}.Release|iPhone.Deploy.0 = Release|iPhone
		{EC42528D-C593-4ADA-9F48-5A03E128719C}.Release|iPhoneSimulator.ActiveCfg = Release|iPhoneSimulator
		{EC42528D-C593-4ADA-9F48-5A03E128719C}.Release|iPhoneSimulator.Build.0 = Release|iPhoneSimulator
		{EC42528D-C593-4ADA-9F48-5A03E128719C}.Release|iPhoneSimulator.Deploy.0 = Release|iPhoneSimulator
		{A9E8CA2C-D788-48D3-BF99-1B706EAA6F3D}.Debug|Any CPU.ActiveCfg = Debug|Any CPU
		{A9E8CA2C-D788-48D3-BF99-1B706EAA6F3D}.Debug|Any CPU.Build.0 = Debug|Any CPU
		{A9E8CA2C-D788-48D3-BF99-1B706EAA6F3D}.Debug|Any CPU.Deploy.0 = Debug|Any CPU
		{A9E8CA2C-D788-48D3-BF99-1B706EAA6F3D}.Debug|iPhone.ActiveCfg = Debug|Any CPU
		{A9E8CA2C-D788-48D3-BF99-1B706EAA6F3D}.Debug|iPhone.Build.0 = Debug|Any CPU
		{A9E8CA2C-D788-48D3-BF99-1B706EAA6F3D}.Debug|iPhone.Deploy.0 = Debug|Any CPU
		{A9E8CA2C-D788-48D3-BF99-1B706EAA6F3D}.Debug|iPhoneSimulator.ActiveCfg = Debug|Any CPU
		{A9E8CA2C-D788-48D3-BF99-1B706EAA6F3D}.Debug|iPhoneSimulator.Build.0 = Debug|Any CPU
		{A9E8CA2C-D788-48D3-BF99-1B706EAA6F3D}.Debug|iPhoneSimulator.Deploy.0 = Debug|Any CPU
		{A9E8CA2C-D788-48D3-BF99-1B706EAA6F3D}.Release|Any CPU.ActiveCfg = Release|Any CPU
		{A9E8CA2C-D788-48D3-BF99-1B706EAA6F3D}.Release|Any CPU.Build.0 = Release|Any CPU
		{A9E8CA2C-D788-48D3-BF99-1B706EAA6F3D}.Release|Any CPU.Deploy.0 = Release|Any CPU
		{A9E8CA2C-D788-48D3-BF99-1B706EAA6F3D}.Release|iPhone.ActiveCfg = Release|Any CPU
		{A9E8CA2C-D788-48D3-BF99-1B706EAA6F3D}.Release|iPhone.Build.0 = Release|Any CPU
		{A9E8CA2C-D788-48D3-BF99-1B706EAA6F3D}.Release|iPhone.Deploy.0 = Release|Any CPU
		{A9E8CA2C-D788-48D3-BF99-1B706EAA6F3D}.Release|iPhoneSimulator.ActiveCfg = Release|Any CPU
		{A9E8CA2C-D788-48D3-BF99-1B706EAA6F3D}.Release|iPhoneSimulator.Build.0 = Release|Any CPU
		{A9E8CA2C-D788-48D3-BF99-1B706EAA6F3D}.Release|iPhoneSimulator.Deploy.0 = Release|Any CPU
	EndGlobalSection
	GlobalSection(SolutionProperties) = preSolution
		HideSolutionNode = FALSE
	EndGlobalSection
	GlobalSection(ExtensibilityGlobals) = postSolution
		SolutionGuid = {134C5EE7-0976-47A4-939C-63F37103B67A}
	EndGlobalSection
EndGlobal
